
Microsoft Visual Studio Solution File, Format Version 12.00
# Visual Studio 2012
Project("{8BC9CEB8-8B4A-11D0-8D11-00A0C91BC942}") = "SEI.NET", "SEI.NET\SEI.NET.vcxproj", "{E3979357-8A34-4BF6-8665-0F96684DFE6A}"
EndProject
Global
	GlobalSection(SolutionConfigurationPlatforms) = preSolution
		Debug|Win32 = Debug|Win32
		Release|Win32 = Release|Win32
	EndGlobalSection
	GlobalSection(ProjectConfigurationPlatforms) = postSolution
		{E3979357-8A34-4BF6-8665-0F96684DFE6A}.Debug|Win32.ActiveCfg = Debug|Win32
		{E3979357-8A34-4BF6-8665-0F96684DFE6A}.Debug|Win32.Build.0 = Debug|Win32
		{E3979357-8A34-4BF6-8665-0F96684DFE6A}.Release|Win32.ActiveCfg = Release|Win32
		{E3979357-8A34-4BF6-8665-0F96684DFE6A}.Release|Win32.Build.0 = Release|Win32
	EndGlobalSection
	GlobalSection(SolutionProperties) = preSolution
		HideSolutionNode = FALSE
	EndGlobalSection
EndGlobal
